
Microsoft Visual Studio Solution File, Format Version 12.00
# Visual Studio Version 16
VisualStudioVersion = 16.0.29209.62
MinimumVisualStudioVersion = 10.0.40219.1
Project("{FAE04EC0-301F-11D3-BF4B-00C04F79EFBC}") = "VarianceRepresentation", "VarianceRepresentation\VarianceRepresentation.csproj", "{C82A4284-FFF4-4B2B-96B5-B475A7893D6A}"
EndProject
Project("{FAE04EC0-301F-11D3-BF4B-00C04F79EFBC}") = "SourceAndExtensions", "SourceAndExtensions\SourceAndExtensions.csproj", "{BBAA2A95-F86D-4387-B453-12A9742E5EDE}"
EndProject
Project("{FAE04EC0-301F-11D3-BF4B-00C04F79EFBC}") = "Concept", "Concept\Concept.csproj", "{213F0953-A405-43C3-AD41-8C306E9F1E20}"
EndProject
Global
	GlobalSection(SolutionConfigurationPlatforms) = preSolution
		Debug|Any CPU = Debug|Any CPU
		Release|Any CPU = Release|Any CPU
	EndGlobalSection
	GlobalSection(ProjectConfigurationPlatforms) = postSolution
		{C82A4284-FFF4-4B2B-96B5-B475A7893D6A}.Debug|Any CPU.ActiveCfg = Debug|Any CPU
		{C82A4284-FFF4-4B2B-96B5-B475A7893D6A}.Debug|Any CPU.Build.0 = Debug|Any CPU
		{C82A4284-FFF4-4B2B-96B5-B475A7893D6A}.Release|Any CPU.ActiveCfg = Release|Any CPU
		{C82A4284-FFF4-4B2B-96B5-B475A7893D6A}.Release|Any CPU.Build.0 = Release|Any CPU
		{BBAA2A95-F86D-4387-B453-12A9742E5EDE}.Debug|Any CPU.ActiveCfg = Debug|Any CPU
		{BBAA2A95-F86D-4387-B453-12A9742E5EDE}.Debug|Any CPU.Build.0 = Debug|Any CPU
		{BBAA2A95-F86D-4387-B453-12A9742E5EDE}.Release|Any CPU.ActiveCfg = Release|Any CPU
		{BBAA2A95-F86D-4387-B453-12A9742E5EDE}.Release|Any CPU.Build.0 = Release|Any CPU
		{213F0953-A405-43C3-AD41-8C306E9F1E20}.Debug|Any CPU.ActiveCfg = Debug|Any CPU
		{213F0953-A405-43C3-AD41-8C306E9F1E20}.Debug|Any CPU.Build.0 = Debug|Any CPU
		{213F0953-A405-43C3-AD41-8C306E9F1E20}.Release|Any CPU.ActiveCfg = Release|Any CPU
		{213F0953-A405-43C3-AD41-8C306E9F1E20}.Release|Any CPU.Build.0 = Release|Any CPU
	EndGlobalSection
	GlobalSection(SolutionProperties) = preSolution
		HideSolutionNode = FALSE
	EndGlobalSection
	GlobalSection(ExtensibilityGlobals) = postSolution
		SolutionGuid = {A5599748-BA7E-40C0-92CE-51056BBA2103}
	EndGlobalSection
EndGlobal
