
Microsoft Visual Studio Solution File, Format Version 12.00
# Visual Studio 15
VisualStudioVersion = 15.0.28307.539
MinimumVisualStudioVersion = 10.0.40219.1
Project("{FAE04EC0-301F-11D3-BF4B-00C04F79EFBC}") = "SelectionSort", "SelectionSort\SelectionSort.csproj", "{22C3D981-6FF4-4B53-8FA3-502F1542C651}"
EndProject
Global
	GlobalSection(SolutionConfigurationPlatforms) = preSolution
		Debug|Any CPU = Debug|Any CPU
		Release|Any CPU = Release|Any CPU
	EndGlobalSection
	GlobalSection(ProjectConfigurationPlatforms) = postSolution
		{22C3D981-6FF4-4B53-8FA3-502F1542C651}.Debug|Any CPU.ActiveCfg = Debug|Any CPU
		{22C3D981-6FF4-4B53-8FA3-502F1542C651}.Debug|Any CPU.Build.0 = Debug|Any CPU
		{22C3D981-6FF4-4B53-8FA3-502F1542C651}.Release|Any CPU.ActiveCfg = Release|Any CPU
		{22C3D981-6FF4-4B53-8FA3-502F1542C651}.Release|Any CPU.Build.0 = Release|Any CPU
	EndGlobalSection
	GlobalSection(SolutionProperties) = preSolution
		HideSolutionNode = FALSE
	EndGlobalSection
	GlobalSection(ExtensibilityGlobals) = postSolution
		SolutionGuid = {F3C596E2-F763-4637-8B6F-25FB1DFFA983}
	EndGlobalSection
EndGlobal
