
Microsoft Visual Studio Solution File, Format Version 12.00
# Visual Studio Version 16
VisualStudioVersion = 16.0.29209.62
MinimumVisualStudioVersion = 10.0.40219.1
Project("{9A19103F-16F7-4668-BE54-9A1E7A4F7556}") = "SortRepresentation", "SortRepresentation\SortRepresentation.csproj", "{AFE81406-A879-4650-8D6C-81BCCC5A16B0}"
EndProject
Project("{9A19103F-16F7-4668-BE54-9A1E7A4F7556}") = "Sort", "SelectionSort\Sort.csproj", "{E0381E70-1C57-4743-9673-6ECDB16926DF}"
EndProject
Project("{9A19103F-16F7-4668-BE54-9A1E7A4F7556}") = "SourceAndExtensions", "Source\SourceAndExtensions.csproj", "{D9E8BB54-86F7-4896-839F-AD51F7344707}"
EndProject
Project("{FAE04EC0-301F-11D3-BF4B-00C04F79EFBC}") = "SortTest", "SortTest\SortTest.csproj", "{6A8792BB-E721-479C-BD93-FA7E7390F81A}"
EndProject
Global
	GlobalSection(SolutionConfigurationPlatforms) = preSolution
		Debug|Any CPU = Debug|Any CPU
		Release|Any CPU = Release|Any CPU
	EndGlobalSection
	GlobalSection(ProjectConfigurationPlatforms) = postSolution
		{AFE81406-A879-4650-8D6C-81BCCC5A16B0}.Debug|Any CPU.ActiveCfg = Debug|Any CPU
		{AFE81406-A879-4650-8D6C-81BCCC5A16B0}.Debug|Any CPU.Build.0 = Debug|Any CPU
		{AFE81406-A879-4650-8D6C-81BCCC5A16B0}.Release|Any CPU.ActiveCfg = Release|Any CPU
		{AFE81406-A879-4650-8D6C-81BCCC5A16B0}.Release|Any CPU.Build.0 = Release|Any CPU
		{E0381E70-1C57-4743-9673-6ECDB16926DF}.Debug|Any CPU.ActiveCfg = Debug|Any CPU
		{E0381E70-1C57-4743-9673-6ECDB16926DF}.Debug|Any CPU.Build.0 = Debug|Any CPU
		{E0381E70-1C57-4743-9673-6ECDB16926DF}.Release|Any CPU.ActiveCfg = Release|Any CPU
		{E0381E70-1C57-4743-9673-6ECDB16926DF}.Release|Any CPU.Build.0 = Release|Any CPU
		{D9E8BB54-86F7-4896-839F-AD51F7344707}.Debug|Any CPU.ActiveCfg = Debug|Any CPU
		{D9E8BB54-86F7-4896-839F-AD51F7344707}.Debug|Any CPU.Build.0 = Debug|Any CPU
		{D9E8BB54-86F7-4896-839F-AD51F7344707}.Release|Any CPU.ActiveCfg = Release|Any CPU
		{D9E8BB54-86F7-4896-839F-AD51F7344707}.Release|Any CPU.Build.0 = Release|Any CPU
		{6A8792BB-E721-479C-BD93-FA7E7390F81A}.Debug|Any CPU.ActiveCfg = Debug|Any CPU
		{6A8792BB-E721-479C-BD93-FA7E7390F81A}.Debug|Any CPU.Build.0 = Debug|Any CPU
		{6A8792BB-E721-479C-BD93-FA7E7390F81A}.Release|Any CPU.ActiveCfg = Release|Any CPU
		{6A8792BB-E721-479C-BD93-FA7E7390F81A}.Release|Any CPU.Build.0 = Release|Any CPU
	EndGlobalSection
	GlobalSection(SolutionProperties) = preSolution
		HideSolutionNode = FALSE
	EndGlobalSection
	GlobalSection(ExtensibilityGlobals) = postSolution
		SolutionGuid = {BB54E846-3D1C-4845-965A-7C6E897DAB80}
	EndGlobalSection
EndGlobal
