
Microsoft Visual Studio Solution File, Format Version 12.00
# Visual Studio Version 16
VisualStudioVersion = 16.0.29209.62
MinimumVisualStudioVersion = 10.0.40219.1
Project("{FAE04EC0-301F-11D3-BF4B-00C04F79EFBC}") = "StringReverse", "StringReverse\StringReverse.csproj", "{39DE5AC0-888F-448B-9308-CFE358494629}"
EndProject
Global
	GlobalSection(SolutionConfigurationPlatforms) = preSolution
		Debug|Any CPU = Debug|Any CPU
		Release|Any CPU = Release|Any CPU
	EndGlobalSection
	GlobalSection(ProjectConfigurationPlatforms) = postSolution
		{39DE5AC0-888F-448B-9308-CFE358494629}.Debug|Any CPU.ActiveCfg = Debug|Any CPU
		{39DE5AC0-888F-448B-9308-CFE358494629}.Debug|Any CPU.Build.0 = Debug|Any CPU
		{39DE5AC0-888F-448B-9308-CFE358494629}.Release|Any CPU.ActiveCfg = Release|Any CPU
		{39DE5AC0-888F-448B-9308-CFE358494629}.Release|Any CPU.Build.0 = Release|Any CPU
	EndGlobalSection
	GlobalSection(SolutionProperties) = preSolution
		HideSolutionNode = FALSE
	EndGlobalSection
	GlobalSection(ExtensibilityGlobals) = postSolution
		SolutionGuid = {F700E383-7ADA-4396-BEFB-5CF286E87B99}
	EndGlobalSection
EndGlobal
